
Microsoft Visual Studio Solution File, Format Version 12.00
# Visual Studio Version 16
VisualStudioVersion = 16.0.30320.27
MinimumVisualStudioVersion = 10.0.40219.1
Project("{9A19103F-16F7-4668-BE54-9A1E7A4F7556}") = "FreeMail.Domain", "FreeMail.Domain\FreeMail.Domain.csproj", "{756E3FC7-F327-4F9F-9BC2-847D772A4B56}"
EndProject
Project("{9A19103F-16F7-4668-BE54-9A1E7A4F7556}") = "FreeMail.Service", "FreeMail.Service\FreeMail.Service.csproj", "{A7DEBB55-D0B7-4A2F-9F06-807996CF4C9F}"
EndProject
Project("{FAE04EC0-301F-11D3-BF4B-00C04F79EFBC}") = "FreeMail", "WpfApp1\FreeMail.csproj", "{B3ECA264-1527-4BE9-8E37-3E08CDBF1999}"
EndProject
Global
	GlobalSection(SolutionConfigurationPlatforms) = preSolution
		Debug|Any CPU = Debug|Any CPU
		Release|Any CPU = Release|Any CPU
	EndGlobalSection
	GlobalSection(ProjectConfigurationPlatforms) = postSolution
		{756E3FC7-F327-4F9F-9BC2-847D772A4B56}.Debug|Any CPU.ActiveCfg = Debug|Any CPU
		{756E3FC7-F327-4F9F-9BC2-847D772A4B56}.Debug|Any CPU.Build.0 = Debug|Any CPU
		{756E3FC7-F327-4F9F-9BC2-847D772A4B56}.Release|Any CPU.ActiveCfg = Release|Any CPU
		{756E3FC7-F327-4F9F-9BC2-847D772A4B56}.Release|Any CPU.Build.0 = Release|Any CPU
		{A7DEBB55-D0B7-4A2F-9F06-807996CF4C9F}.Debug|Any CPU.ActiveCfg = Debug|Any CPU
		{A7DEBB55-D0B7-4A2F-9F06-807996CF4C9F}.Debug|Any CPU.Build.0 = Debug|Any CPU
		{A7DEBB55-D0B7-4A2F-9F06-807996CF4C9F}.Release|Any CPU.ActiveCfg = Release|Any CPU
		{A7DEBB55-D0B7-4A2F-9F06-807996CF4C9F}.Release|Any CPU.Build.0 = Release|Any CPU
		{B3ECA264-1527-4BE9-8E37-3E08CDBF1999}.Debug|Any CPU.ActiveCfg = Debug|Any CPU
		{B3ECA264-1527-4BE9-8E37-3E08CDBF1999}.Debug|Any CPU.Build.0 = Debug|Any CPU
		{B3ECA264-1527-4BE9-8E37-3E08CDBF1999}.Release|Any CPU.ActiveCfg = Release|Any CPU
		{B3ECA264-1527-4BE9-8E37-3E08CDBF1999}.Release|Any CPU.Build.0 = Release|Any CPU
	EndGlobalSection
	GlobalSection(SolutionProperties) = preSolution
		HideSolutionNode = FALSE
	EndGlobalSection
	GlobalSection(ExtensibilityGlobals) = postSolution
		SolutionGuid = {5BAD7484-8E64-4568-A78D-A63D1AF792A6}
	EndGlobalSection
EndGlobal
