
Microsoft Visual Studio Solution File, Format Version 12.00
# Visual Studio Version 16
VisualStudioVersion = 16.0.30320.27
MinimumVisualStudioVersion = 10.0.40219.1
Project("{9A19103F-16F7-4668-BE54-9A1E7A4F7556}") = "FreeMail.Service", "EmailNotifier.Service\FreeMail.Service.csproj", "{C92B961B-B352-4176-A586-DC6390282782}"
EndProject
Project("{9A19103F-16F7-4668-BE54-9A1E7A4F7556}") = "FreeMail.Domain", "EmailNotifier.Domain\FreeMail.Domain.csproj", "{80268B8B-A811-4241-BBBC-F317B89CB2F0}"
EndProject
Project("{9A19103F-16F7-4668-BE54-9A1E7A4F7556}") = "FreeMail", "FreeMail\FreeMail.csproj", "{CD362F9A-AA4C-4084-AEA4-B4DF42440515}"
EndProject
Global
	GlobalSection(SolutionConfigurationPlatforms) = preSolution
		Debug|Any CPU = Debug|Any CPU
		Release|Any CPU = Release|Any CPU
	EndGlobalSection
	GlobalSection(ProjectConfigurationPlatforms) = postSolution
		{C92B961B-B352-4176-A586-DC6390282782}.Debug|Any CPU.ActiveCfg = Debug|Any CPU
		{C92B961B-B352-4176-A586-DC6390282782}.Debug|Any CPU.Build.0 = Debug|Any CPU
		{C92B961B-B352-4176-A586-DC6390282782}.Release|Any CPU.ActiveCfg = Release|Any CPU
		{C92B961B-B352-4176-A586-DC6390282782}.Release|Any CPU.Build.0 = Release|Any CPU
		{80268B8B-A811-4241-BBBC-F317B89CB2F0}.Debug|Any CPU.ActiveCfg = Debug|Any CPU
		{80268B8B-A811-4241-BBBC-F317B89CB2F0}.Debug|Any CPU.Build.0 = Debug|Any CPU
		{80268B8B-A811-4241-BBBC-F317B89CB2F0}.Release|Any CPU.ActiveCfg = Release|Any CPU
		{80268B8B-A811-4241-BBBC-F317B89CB2F0}.Release|Any CPU.Build.0 = Release|Any CPU
		{CD362F9A-AA4C-4084-AEA4-B4DF42440515}.Debug|Any CPU.ActiveCfg = Debug|Any CPU
		{CD362F9A-AA4C-4084-AEA4-B4DF42440515}.Debug|Any CPU.Build.0 = Debug|Any CPU
		{CD362F9A-AA4C-4084-AEA4-B4DF42440515}.Release|Any CPU.ActiveCfg = Release|Any CPU
		{CD362F9A-AA4C-4084-AEA4-B4DF42440515}.Release|Any CPU.Build.0 = Release|Any CPU
	EndGlobalSection
	GlobalSection(SolutionProperties) = preSolution
		HideSolutionNode = FALSE
	EndGlobalSection
	GlobalSection(ExtensibilityGlobals) = postSolution
		SolutionGuid = {5BAD7484-8E64-4568-A78D-A63D1AF792A6}
	EndGlobalSection
EndGlobal
